
Microsoft Visual Studio Solution File, Format Version 12.00
# Visual Studio Version 16
VisualStudioVersion = 16.0.31321.278
MinimumVisualStudioVersion = 10.0.40219.1
Project("{8BC9CEB8-8B4A-11D0-8D11-00A0C91BC942}") = "Tag1_06SmartPointer", "Tag1_06SmartPointer\Tag1_06SmartPointer.vcxproj", "{C226B85E-1A7E-47DB-BEF7-EDCCB5826B24}"
EndProject
Global
	GlobalSection(SolutionConfigurationPlatforms) = preSolution
		Debug|x64 = Debug|x64
		Debug|x86 = Debug|x86
		Release|x64 = Release|x64
		Release|x86 = Release|x86
	EndGlobalSection
	GlobalSection(ProjectConfigurationPlatforms) = postSolution
		{C226B85E-1A7E-47DB-BEF7-EDCCB5826B24}.Debug|x64.ActiveCfg = Debug|x64
		{C226B85E-1A7E-47DB-BEF7-EDCCB5826B24}.Debug|x64.Build.0 = Debug|x64
		{C226B85E-1A7E-47DB-BEF7-EDCCB5826B24}.Debug|x86.ActiveCfg = Debug|Win32
		{C226B85E-1A7E-47DB-BEF7-EDCCB5826B24}.Debug|x86.Build.0 = Debug|Win32
		{C226B85E-1A7E-47DB-BEF7-EDCCB5826B24}.Release|x64.ActiveCfg = Release|x64
		{C226B85E-1A7E-47DB-BEF7-EDCCB5826B24}.Release|x64.Build.0 = Release|x64
		{C226B85E-1A7E-47DB-BEF7-EDCCB5826B24}.Release|x86.ActiveCfg = Release|Win32
		{C226B85E-1A7E-47DB-BEF7-EDCCB5826B24}.Release|x86.Build.0 = Release|Win32
	EndGlobalSection
	GlobalSection(SolutionProperties) = preSolution
		HideSolutionNode = FALSE
	EndGlobalSection
	GlobalSection(ExtensibilityGlobals) = postSolution
		SolutionGuid = {6A58CDFE-7E40-47F0-8180-AE7861FCA14F}
	EndGlobalSection
EndGlobal
